// !$*UTF8*$!
{
	archiveVersion = 1;
	classes = {
	};
	objectVersion = 50;
	objects = {

/* Begin PBXBuildFile section */
		7932F4D22344F35700311E5C /* AppDelegate.swift in Sources */ = {isa = PBXBuildFile; fileRef = 7932F4D12344F35700311E5C /* AppDelegate.swift */; };
		7932F4D42344F35700311E5C /* ViewController.swift in Sources */ = {isa = PBXBuildFile; fileRef = 7932F4D32344F35700311E5C /* ViewController.swift */; };
		7932F4D72344F35700311E5C /* Main.storyboard in Resources */ = {isa = PBXBuildFile; fileRef = 7932F4D52344F35700311E5C /* Main.storyboard */; };
		7932F4D92344F35700311E5C /* Assets.xcassets in Resources */ = {isa = PBXBuildFile; fileRef = 7932F4D82344F35700311E5C /* Assets.xcassets */; };
		7932F4DC2344F35700311E5C /* LaunchScreen.storyboard in Resources */ = {isa = PBXBuildFile; fileRef = 7932F4DA2344F35700311E5C /* LaunchScreen.storyboard */; };
		7932F4E72344F35700311E5C /* Module2Tests.swift in Sources */ = {isa = PBXBuildFile; fileRef = 7932F4E62344F35700311E5C /* Module2Tests.swift */; };
		7932F4F22344F35700311E5C /* Module2UITests.swift in Sources */ = {isa = PBXBuildFile; fileRef = 7932F4F12344F35700311E5C /* Module2UITests.swift */; };
/* End PBXBuildFile section */

/* Begin PBXContainerItemProxy section */
		7932F4E32344F35700311E5C /* PBXContainerItemProxy */ = {
			isa = PBXContainerItemProxy;
			containerPortal = 7932F4C62344F35700311E5C /* Project object */;
			proxyType = 1;
			remoteGlobalIDString = 7932F4CD2344F35700311E5C;
			remoteInfo = Module2;
		};
		7932F4EE2344F35700311E5C /* PBXContainerItemProxy */ = {
			isa = PBXContainerItemProxy;
			containerPortal = 7932F4C62344F35700311E5C /* Project object */;
			proxyType = 1;
			remoteGlobalIDString = 7932F4CD2344F35700311E5C;
			remoteInfo = Module2;
		};
/* End PBXContainerItemProxy section */

/* Begin PBXFileReference section */
		7932F4CE2344F35700311E5C /* Module2.app */ = {isa = PBXFileReference; explicitFileType = wrapper.application; includeInIndex = 0; path = Module2.app; sourceTree = BUILT_PRODUCTS_DIR; };
		7932F4D12344F35700311E5C /* AppDelegate.swift */ = {isa = PBXFileReference; lastKnownFileType = sourcecode.swift; path = AppDelegate.swift; sourceTree = "<group>"; };
		7932F4D32344F35700311E5C /* ViewController.swift */ = {isa = PBXFileReference; lastKnownFileType = sourcecode.swift; path = ViewController.swift; sourceTree = "<group>"; };
		7932F4D62344F35700311E5C /* Base */ = {isa = PBXFileReference; lastKnownFileType = file.storyboard; name = Base; path = Base.lproj/Main.storyboard; sourceTree = "<group>"; };
		7932F4D82344F35700311E5C /* Assets.xcassets */ = {isa = PBXFileReference; lastKnownFileType = folder.assetcatalog; path = Assets.xcassets; sourceTree = "<group>"; };
		7932F4DB2344F35700311E5C /* Base */ = {isa = PBXFileReference; lastKnownFileType = file.storyboard; name = Base; path = Base.lproj/LaunchScreen.storyboard; sourceTree = "<group>"; };
		7932F4DD2344F35700311E5C /* Info.plist */ = {isa = PBXFileReference; lastKnownFileType = text.plist.xml; path = Info.plist; sourceTree = "<group>"; };
		7932F4E22344F35700311E5C /* Module2Tests.xctest */ = {isa = PBXFileReference; explicitFileType = wrapper.cfbundle; includeInIndex = 0; path = Module2Tests.xctest; sourceTree = BUILT_PRODUCTS_DIR; };
		7932F4E62344F35700311E5C /* Module2Tests.swift */ = {isa = PBXFileReference; lastKnownFileType = sourcecode.swift; path = Module2Tests.swift; sourceTree = "<group>"; };
		7932F4E82344F35700311E5C /* Info.plist */ = {isa = PBXFileReference; lastKnownFileType = text.plist.xml; path = Info.plist; sourceTree = "<group>"; };
		7932F4ED2344F35700311E5C /* Module2UITests.xctest */ = {isa = PBXFileReference; explicitFileType = wrapper.cfbundle; includeInIndex = 0; path = Module2UITests.xctest; sourceTree = BUILT_PRODUCTS_DIR; };
		7932F4F12344F35700311E5C /* Module2UITests.swift */ = {isa = PBXFileReference; lastKnownFileType = sourcecode.swift; path = Module2UITests.swift; sourceTree = "<group>"; };
		7932F4F32344F35700311E5C /* Info.plist */ = {isa = PBXFileReference; lastKnownFileType = text.plist.xml; path = Info.plist; sourceTree = "<group>"; };
/* End PBXFileReference section */

/* Begin PBXFrameworksBuildPhase section */
		7932F4CB2344F35700311E5C /* Frameworks */ = {
			isa = PBXFrameworksBuildPhase;
			buildActionMask = 2147483647;
			files = (
			);
			runOnlyForDeploymentPostprocessing = 0;
		};
		7932F4DF2344F35700311E5C /* Frameworks */ = {
			isa = PBXFrameworksBuildPhase;
			buildActionMask = 2147483647;
			files = (
			);
			runOnlyForDeploymentPostprocessing = 0;
		};
		7932F4EA2344F35700311E5C /* Frameworks */ = {
			isa = PBXFrameworksBuildPhase;
			buildActionMask = 2147483647;
			files = (
			);
			runOnlyForDeploymentPostprocessing = 0;
		};
/* End PBXFrameworksBuildPhase section */

/* Begin PBXGroup section */
		7932F4C52344F35600311E5C = {
			isa = PBXGroup;
			children = (
				7932F4D02344F35700311E5C /* Module2 */,
				7932F4E52344F35700311E5C /* Module2Tests */,
				7932F4F02344F35700311E5C /* Module2UITests */,
				7932F4CF2344F35700311E5C /* Products */,
			);
			sourceTree = "<group>";
		};
		7932F4CF2344F35700311E5C /* Products */ = {
			isa = PBXGroup;
			children = (
				7932F4CE2344F35700311E5C /* Module2.app */,
				7932F4E22344F35700311E5C /* Module2Tests.xctest */,
				7932F4ED2344F35700311E5C /* Module2UITests.xctest */,
			);
			name = Products;
			sourceTree = "<group>";
		};
		7932F4D02344F35700311E5C /* Module2 */ = {
			isa = PBXGroup;
			children = (
				7932F4D12344F35700311E5C /* AppDelegate.swift */,
				7932F4D32344F35700311E5C /* ViewController.swift */,
				7932F4D52344F35700311E5C /* Main.storyboard */,
				7932F4D82344F35700311E5C /* Assets.xcassets */,
				7932F4DA2344F35700311E5C /* LaunchScreen.storyboard */,
				7932F4DD2344F35700311E5C /* Info.plist */,
			);
			path = Module2;
			sourceTree = "<group>";
		};
		7932F4E52344F35700311E5C /* Module2Tests */ = {
			isa = PBXGroup;
			children = (
				7932F4E62344F35700311E5C /* Module2Tests.swift */,
				7932F4E82344F35700311E5C /* Info.plist */,
			);
			path = Module2Tests;
			sourceTree = "<group>";
		};
		7932F4F02344F35700311E5C /* Module2UITests */ = {
			isa = PBXGroup;
			children = (
				7932F4F12344F35700311E5C /* Module2UITests.swift */,
				7932F4F32344F35700311E5C /* Info.plist */,
			);
			path = Module2UITests;
			sourceTree = "<group>";
		};
/* End PBXGroup section */

/* Begin PBXNativeTarget section */
		7932F4CD2344F35700311E5C /* Module2 */ = {
			isa = PBXNativeTarget;
			buildConfigurationList = 7932F4F62344F35700311E5C /* Build configuration list for PBXNativeTarget "Module2" */;
			buildPhases = (
				7932F4CA2344F35700311E5C /* Sources */,
				7932F4CB2344F35700311E5C /* Frameworks */,
				7932F4CC2344F35700311E5C /* Resources */,
			);
			buildRules = (
			);
			dependencies = (
			);
			name = Module2;
			productName = Module2;
			productReference = 7932F4CE2344F35700311E5C /* Module2.app */;
			productType = "com.apple.product-type.application";
		};
		7932F4E12344F35700311E5C /* Module2Tests */ = {
			isa = PBXNativeTarget;
			buildConfigurationList = 7932F4F92344F35700311E5C /* Build configuration list for PBXNativeTarget "Module2Tests" */;
			buildPhases = (
				7932F4DE2344F35700311E5C /* Sources */,
				7932F4DF2344F35700311E5C /* Frameworks */,
				7932F4E02344F35700311E5C /* Resources */,
			);
			buildRules = (
			);
			dependencies = (
				7932F4E42344F35700311E5C /* PBXTargetDependency */,
			);
			name = Module2Tests;
			productName = Module2Tests;
			productReference = 7932F4E22344F35700311E5C /* Module2Tests.xctest */;
			productType = "com.apple.product-type.bundle.unit-test";
		};
		7932F4EC2344F35700311E5C /* Module2UITests */ = {
			isa = PBXNativeTarget;
			buildConfigurationList = 7932F4FC2344F35700311E5C /* Build configuration list for PBXNativeTarget "Module2UITests" */;
			buildPhases = (
				7932F4E92344F35700311E5C /* Sources */,
				7932F4EA2344F35700311E5C /* Frameworks */,
				7932F4EB2344F35700311E5C /* Resources */,
			);
			buildRules = (
			);
			dependencies = (
				7932F4EF2344F35700311E5C /* PBXTargetDependency */,
			);
			name = Module2UITests;
			productName = Module2UITests;
			productReference = 7932F4ED2344F35700311E5C /* Module2UITests.xctest */;
			productType = "com.apple.product-type.bundle.ui-testing";
		};
/* End PBXNativeTarget section */

/* Begin PBXProject section */
		7932F4C62344F35700311E5C /* Project object */ = {
			isa = PBXProject;
			attributes = {
				LastSwiftUpdateCheck = 1020;
				LastUpgradeCheck = 1020;
				ORGANIZATIONNAME = "Steeven Sylveus";
				TargetAttributes = {
					7932F4CD2344F35700311E5C = {
						CreatedOnToolsVersion = 10.2.1;
					};
					7932F4E12344F35700311E5C = {
						CreatedOnToolsVersion = 10.2.1;
						TestTargetID = 7932F4CD2344F35700311E5C;
					};
					7932F4EC2344F35700311E5C = {
						CreatedOnToolsVersion = 10.2.1;
						TestTargetID = 7932F4CD2344F35700311E5C;
					};
				};
			};
			buildConfigurationList = 7932F4C92344F35700311E5C /* Build configuration list for PBXProject "Module2" */;
			compatibilityVersion = "Xcode 9.3";
			developmentRegion = en;
			hasScannedForEncodings = 0;
			knownRegions = (
				en,
				Base,
			);
			mainGroup = 7932F4C52344F35600311E5C;
			productRefGroup = 7932F4CF2344F35700311E5C /* Products */;
			projectDirPath = "";
			projectRoot = "";
			targets = (
				7932F4CD2344F35700311E5C /* Module2 */,
				7932F4E12344F35700311E5C /* Module2Tests */,
				7932F4EC2344F35700311E5C /* Module2UITests */,
			);
		};
/* End PBXProject section */

/* Begin PBXResourcesBuildPhase section */
		7932F4CC2344F35700311E5C /* Resources */ = {
			isa = PBXResourcesBuildPhase;
			buildActionMask = 2147483647;
			files = (
				7932F4DC2344F35700311E5C /* LaunchScreen.storyboard in Resources */,
				7932F4D92344F35700311E5C /* Assets.xcassets in Resources */,
				7932F4D72344F35700311E5C /* Main.storyboard in Resources */,
			);
			runOnlyForDeploymentPostprocessing = 0;
		};
		7932F4E02344F35700311E5C /* Resources */ = {
			isa = PBXResourcesBuildPhase;
			buildActionMask = 2147483647;
			files = (
			);
			runOnlyForDeploymentPostprocessing = 0;
		};
		7932F4EB2344F35700311E5C /* Resources */ = {
			isa = PBXResourcesBuildPhase;
			buildActionMask = 2147483647;
			files = (
			);
			runOnlyForDeploymentPostprocessing = 0;
		};
/* End PBXResourcesBuildPhase section */

/* Begin PBXSourcesBuildPhase section */
		7932F4CA2344F35700311E5C /* Sources */ = {
			isa = PBXSourcesBuildPhase;
			buildActionMask = 2147483647;
			files = (
				7932F4D42344F35700311E5C /* ViewController.swift in Sources */,
				7932F4D22344F35700311E5C /* AppDelegate.swift in Sources */,
			);
			runOnlyForDeploymentPostprocessing = 0;
		};
		7932F4DE2344F35700311E5C /* Sources */ = {
			isa = PBXSourcesBuildPhase;
			buildActionMask = 2147483647;
			files = (
				7932F4E72344F35700311E5C /* Module2Tests.swift in Sources */,
			);
			runOnlyForDeploymentPostprocessing = 0;
		};
		7932F4E92344F35700311E5C /* Sources */ = {
			isa = PBXSourcesBuildPhase;
			buildActionMask = 2147483647;
			files = (
				7932F4F22344F35700311E5C /* Module2UITests.swift in Sources */,
			);
			runOnlyForDeploymentPostprocessing = 0;
		};
/* End PBXSourcesBuildPhase section */

/* Begin PBXTargetDependency section */
		7932F4E42344F35700311E5C /* PBXTargetDependency */ = {
			isa = PBXTargetDependency;
			target = 7932F4CD2344F35700311E5C /* Module2 */;
			targetProxy = 7932F4E32344F35700311E5C /* PBXContainerItemProxy */;
		};
		7932F4EF2344F35700311E5C /* PBXTargetDependency */ = {
			isa = PBXTargetDependency;
			target = 7932F4CD2344F35700311E5C /* Module2 */;
			targetProxy = 7932F4EE2344F35700311E5C /* PBXContainerItemProxy */;
		};
/* End PBXTargetDependency section */

/* Begin PBXVariantGroup section */
		7932F4D52344F35700311E5C /* Main.storyboard */ = {
			isa = PBXVariantGroup;
			children = (
				7932F4D62344F35700311E5C /* Base */,
			);
			name = Main.storyboard;
			sourceTree = "<group>";
		};
		7932F4DA2344F35700311E5C /* LaunchScreen.storyboard */ = {
			isa = PBXVariantGroup;
			children = (
				7932F4DB2344F35700311E5C /* Base */,
			);
			name = LaunchScreen.storyboard;
			sourceTree = "<group>";
		};
/* End PBXVariantGroup section */

/* Begin XCBuildConfiguration section */
		7932F4F42344F35700311E5C /* Debug */ = {
			isa = XCBuildConfiguration;
			buildSettings = {
				ALWAYS_SEARCH_USER_PATHS = NO;
				CLANG_ANALYZER_NONNULL = YES;
				CLANG_ANALYZER_NUMBER_OBJECT_CONVERSION = YES_AGGRESSIVE;
				CLANG_CXX_LANGUAGE_STANDARD = "gnu++14";
				CLANG_CXX_LIBRARY = "libc++";
				CLANG_ENABLE_MODULES = YES;
				CLANG_ENABLE_OBJC_ARC = YES;
				CLANG_ENABLE_OBJC_WEAK = YES;
				CLANG_WARN_BLOCK_CAPTURE_AUTORELEASING = YES;
				CLANG_WARN_BOOL_CONVERSION = YES;
				CLANG_WARN_COMMA = YES;
				CLANG_WARN_CONSTANT_CONVERSION = YES;
				CLANG_WARN_DEPRECATED_OBJC_IMPLEMENTATIONS = YES;
				CLANG_WARN_DIRECT_OBJC_ISA_USAGE = YES_ERROR;
				CLANG_WARN_DOCUMENTATION_COMMENTS = YES;
				CLANG_WARN_EMPTY_BODY = YES;
				CLANG_WARN_ENUM_CONVERSION = YES;
				CLANG_WARN_INFINITE_RECURSION = YES;
				CLANG_WARN_INT_CONVERSION = YES;
				CLANG_WARN_NON_LITERAL_NULL_CONVERSION = YES;
				CLANG_WARN_OBJC_IMPLICIT_RETAIN_SELF = YES;
				CLANG_WARN_OBJC_LITERAL_CONVERSION = YES;
				CLANG_WARN_OBJC_ROOT_CLASS = YES_ERROR;
				CLANG_WARN_RANGE_LOOP_ANALYSIS = YES;
				CLANG_WARN_STRICT_PROTOTYPES = YES;
				CLANG_WARN_SUSPICIOUS_MOVE = YES;
				CLANG_WARN_UNGUARDED_AVAILABILITY = YES_AGGRESSIVE;
				CLANG_WARN_UNREACHABLE_CODE = YES;
				CLANG_WARN__DUPLICATE_METHOD_MATCH = YES;
				CODE_SIGN_IDENTITY = "iPhone Developer";
				COPY_PHASE_STRIP = NO;
				DEBUG_INFORMATION_FORMAT = dwarf;
				ENABLE_STRICT_OBJC_MSGSEND = YES;
				ENABLE_TESTABILITY = YES;
				GCC_C_LANGUAGE_STANDARD = gnu11;
				GCC_DYNAMIC_NO_PIC = NO;
				GCC_NO_COMMON_BLOCKS = YES;
				GCC_OPTIMIZATION_LEVEL = 0;
				GCC_PREPROCESSOR_DEFINITIONS = (
					"DEBUG=1",
					"$(inherited)",
				);
				GCC_WARN_64_TO_32_BIT_CONVERSION = YES;
				GCC_WARN_ABOUT_RETURN_TYPE = YES_ERROR;
				GCC_WARN_UNDECLARED_SELECTOR = YES;
				GCC_WARN_UNINITIALIZED_AUTOS = YES_AGGRESSIVE;
				GCC_WARN_UNUSED_FUNCTION = YES;
				GCC_WARN_UNUSED_VARIABLE = YES;
				IPHONEOS_DEPLOYMENT_TARGET = 12.2;
				MTL_ENABLE_DEBUG_INFO = INCLUDE_SOURCE;
				MTL_FAST_MATH = YES;
				ONLY_ACTIVE_ARCH = YES;
				SDKROOT = iphoneos;
				SWIFT_ACTIVE_COMPILATION_CONDITIONS = DEBUG;
				SWIFT_OPTIMIZATION_LEVEL = "-Onone";
			};
			name = Debug;
		};
		7932F4F52344F35700311E5C /* Release */ = {
			isa = XCBuildConfiguration;
			buildSettings = {
				ALWAYS_SEARCH_USER_PATHS = NO;
				CLANG_ANALYZER_NONNULL = YES;
				CLANG_ANALYZER_NUMBER_OBJECT_CONVERSION = YES_AGGRESSIVE;
				CLANG_CXX_LANGUAGE_STANDARD = "gnu++14";
				CLANG_CXX_LIBRARY = "libc++";
				CLANG_ENABLE_MODULES = YES;
				CLANG_ENABLE_OBJC_ARC = YES;
				CLANG_ENABLE_OBJC_WEAK = YES;
				CLANG_WARN_BLOCK_CAPTURE_AUTORELEASING = YES;
				CLANG_WARN_BOOL_CONVERSION = YES;
				CLANG_WARN_COMMA = YES;
				CLANG_WARN_CONSTANT_CONVERSION = YES;
				CLANG_WARN_DEPRECATED_OBJC_IMPLEMENTATIONS = YES;
				CLANG_WARN_DIRECT_OBJC_ISA_USAGE = YES_ERROR;
				CLANG_WARN_DOCUMENTATION_COMMENTS = YES;
				CLANG_WARN_EMPTY_BODY = YES;
				CLANG_WARN_ENUM_CONVERSION = YES;
				CLANG_WARN_INFINITE_RECURSION = YES;
				CLANG_WARN_INT_CONVERSION = YES;
				CLANG_WARN_NON_LITERAL_NULL_CONVERSION = YES;
				CLANG_WARN_OBJC_IMPLICIT_RETAIN_SELF = YES;
				CLANG_WARN_OBJC_LITERAL_CONVERSION = YES;
				CLANG_WARN_OBJC_ROOT_CLASS = YES_ERROR;
				CLANG_WARN_RANGE_LOOP_ANALYSIS = YES;
				CLANG_WARN_STRICT_PROTOTYPES = YES;
				CLANG_WARN_SUSPICIOUS_MOVE = YES;
				CLANG_WARN_UNGUARDED_AVAILABILITY = YES_AGGRESSIVE;
				CLANG_WARN_UNREACHABLE_CODE = YES;
				CLANG_WARN__DUPLICATE_METHOD_MATCH = YES;
				CODE_SIGN_IDENTITY = "iPhone Developer";
				COPY_PHASE_STRIP = NO;
				DEBUG_INFORMATION_FORMAT = "dwarf-with-dsym";
				ENABLE_NS_ASSERTIONS = NO;
				ENABLE_STRICT_OBJC_MSGSEND = YES;
				GCC_C_LANGUAGE_STANDARD = gnu11;
				GCC_NO_COMMON_BLOCKS = YES;
				GCC_WARN_64_TO_32_BIT_CONVERSION = YES;
				GCC_WARN_ABOUT_RETURN_TYPE = YES_ERROR;
				GCC_WARN_UNDECLARED_SELECTOR = YES;
				GCC_WARN_UNINITIALIZED_AUTOS = YES_AGGRESSIVE;
				GCC_WARN_UNUSED_FUNCTION = YES;
				GCC_WARN_UNUSED_VARIABLE = YES;
				IPHONEOS_DEPLOYMENT_TARGET = 12.2;
				MTL_ENABLE_DEBUG_INFO = NO;
				MTL_FAST_MATH = YES;
				SDKROOT = iphoneos;
				SWIFT_COMPILATION_MODE = wholemodule;
				SWIFT_OPTIMIZATION_LEVEL = "-O";
				VALIDATE_PRODUCT = YES;
			};
			name = Release;
		};
		7932F4F72344F35700311E5C /* Debug */ = {
			isa = XCBuildConfiguration;
			buildSettings = {
				ASSETCATALOG_COMPILER_APPICON_NAME = AppIcon;
				CODE_SIGN_STYLE = Automatic;
				INFOPLIST_FILE = Module2/Info.plist;
				LD_RUNPATH_SEARCH_PATHS = (
					"$(inherited)",
					"@executable_path/Frameworks",
				);
				PRODUCT_BUNDLE_IDENTIFIER = com.ssylveus.Module2;
				PRODUCT_NAME = "$(TARGET_NAME)";
				SWIFT_VERSION = 5.0;
				TARGETED_DEVICE_FAMILY = "1,2";
			};
			name = Debug;
		};
		7932F4F82344F35700311E5C /* Release */ = {
			isa = XCBuildConfiguration;
			buildSettings = {
				ASSETCATALOG_COMPILER_APPICON_NAME = AppIcon;
				CODE_SIGN_STYLE = Automatic;
				INFOPLIST_FILE = Module2/Info.plist;
				LD_RUNPATH_SEARCH_PATHS = (
					"$(inherited)",
					"@executable_path/Frameworks",
				);
				PRODUCT_BUNDLE_IDENTIFIER = com.ssylveus.Module2;
				PRODUCT_NAME = "$(TARGET_NAME)";
				SWIFT_VERSION = 5.0;
				TARGETED_DEVICE_FAMILY = "1,2";
			};
			name = Release;
		};
		7932F4FA2344F35700311E5C /* Debug */ = {
			isa = XCBuildConfiguration;
			buildSettings = {
				ALWAYS_EMBED_SWIFT_STANDARD_LIBRARIES = YES;
				BUNDLE_LOADER = "$(TEST_HOST)";
				CODE_SIGN_STYLE = Automatic;
				INFOPLIST_FILE = Module2Tests/Info.plist;
				LD_RUNPATH_SEARCH_PATHS = (
					"$(inherited)",
					"@executable_path/Frameworks",
					"@loader_path/Frameworks",
				);
				PRODUCT_BUNDLE_IDENTIFIER = com.ssylveus.Module2Tests;
				PRODUCT_NAME = "$(TARGET_NAME)";
				SWIFT_VERSION = 5.0;
				TARGETED_DEVICE_FAMILY = "1,2";
				TEST_HOST = "$(BUILT_PRODUCTS_DIR)/Module2.app/Module2";
			};
			name = Debug;
		};
		7932F4FB2344F35700311E5C /* Release */ = {
			isa = XCBuildConfiguration;
			buildSettings = {
				ALWAYS_EMBED_SWIFT_STANDARD_LIBRARIES = YES;
				BUNDLE_LOADER = "$(TEST_HOST)";
				CODE_SIGN_STYLE = Automatic;
				INFOPLIST_FILE = Module2Tests/Info.plist;
				LD_RUNPATH_SEARCH_PATHS = (
					"$(inherited)",
					"@executable_path/Frameworks",
					"@loader_path/Frameworks",
				);
				PRODUCT_BUNDLE_IDENTIFIER = com.ssylveus.Module2Tests;
				PRODUCT_NAME = "$(TARGET_NAME)";
				SWIFT_VERSION = 5.0;
				TARGETED_DEVICE_FAMILY = "1,2";
				TEST_HOST = "$(BUILT_PRODUCTS_DIR)/Module2.app/Module2";
			};
			name = Release;
		};
		7932F4FD2344F35700311E5C /* Debug */ = {
			isa = XCBuildConfiguration;
			buildSettings = {
				ALWAYS_EMBED_SWIFT_STANDARD_LIBRARIES = YES;
				CODE_SIGN_STYLE = Automatic;
				INFOPLIST_FILE = Module2UITests/Info.plist;
				LD_RUNPATH_SEARCH_PATHS = (
					"$(inherited)",
					"@executable_path/Frameworks",
					"@loader_path/Frameworks",
				);
				PRODUCT_BUNDLE_IDENTIFIER = com.ssylveus.Module2UITests;
				PRODUCT_NAME = "$(TARGET_NAME)";
				SWIFT_VERSION = 5.0;
				TARGETED_DEVICE_FAMILY = "1,2";
				TEST_TARGET_NAME = Module2;
			};
			name = Debug;
		};
		7932F4FE2344F35700311E5C /* Release */ = {
			isa = XCBuildConfiguration;
			buildSettings = {
				ALWAYS_EMBED_SWIFT_STANDARD_LIBRARIES = YES;
				CODE_SIGN_STYLE = Automatic;
				INFOPLIST_FILE = Module2UITests/Info.plist;
				LD_RUNPATH_SEARCH_PATHS = (
					"$(inherited)",
					"@executable_path/Frameworks",
					"@loader_path/Frameworks",
				);
				PRODUCT_BUNDLE_IDENTIFIER = com.ssylveus.Module2UITests;
				PRODUCT_NAME = "$(TARGET_NAME)";
				SWIFT_VERSION = 5.0;
				TARGETED_DEVICE_FAMILY = "1,2";
				TEST_TARGET_NAME = Module2;
			};
			name = Release;
		};
/* End XCBuildConfiguration section */

/* Begin XCConfigurationList section */
		7932F4C92344F35700311E5C /* Build configuration list for PBXProject "Module2" */ = {
			isa = XCConfigurationList;
			buildConfigurations = (
				7932F4F42344F35700311E5C /* Debug */,
				7932F4F52344F35700311E5C /* Release */,
			);
			defaultConfigurationIsVisible = 0;
			defaultConfigurationName = Release;
		};
		7932F4F62344F35700311E5C /* Build configuration list for PBXNativeTarget "Module2" */ = {
			isa = XCConfigurationList;
			buildConfigurations = (
				7932F4F72344F35700311E5C /* Debug */,
				7932F4F82344F35700311E5C /* Release */,
			);
			defaultConfigurationIsVisible = 0;
			defaultConfigurationName = Release;
		};
		7932F4F92344F35700311E5C /* Build configuration list for PBXNativeTarget "Module2Tests" */ = {
			isa = XCConfigurationList;
			buildConfigurations = (
				7932F4FA2344F35700311E5C /* Debug */,
				7932F4FB2344F35700311E5C /* Release */,
			);
			defaultConfigurationIsVisible = 0;
			defaultConfigurationName = Release;
		};
		7932F4FC2344F35700311E5C /* Build configuration list for PBXNativeTarget "Module2UITests" */ = {
			isa = XCConfigurationList;
			buildConfigurations = (
				7932F4FD2344F35700311E5C /* Debug */,
				7932F4FE2344F35700311E5C /* Release */,
			);
			defaultConfigurationIsVisible = 0;
			defaultConfigurationName = Release;
		};
/* End XCConfigurationList section */
	};
	rootObject = 7932F4C62344F35700311E5C /* Project object */;
}
